// !$*UTF8*$!
{
	archiveVersion = 1;
	classes = {
	};
	objectVersion = 77;
	objects = {

/* Begin PBXContainerItemProxy section */
		FA0C6E9C2CA61B55009FFA1A /* PBXContainerItemProxy */ = {
			isa = PBXContainerItemProxy;
			containerPortal = FA0C6E832CA61B54009FFA1A /* Project object */;
			proxyType = 1;
			remoteGlobalIDString = FA0C6E8A2CA61B54009FFA1A;
			remoteInfo = RepositorioGithub;
		};
		FA0C6EA62CA61B55009FFA1A /* PBXContainerItemProxy */ = {
			isa = PBXContainerItemProxy;
			containerPortal = FA0C6E832CA61B54009FFA1A /* Project object */;
			proxyType = 1;
			remoteGlobalIDString = FA0C6E8A2CA61B54009FFA1A;
			remoteInfo = RepositorioGithub;
		};
/* End PBXContainerItemProxy section */

/* Begin PBXFileReference section */
		FA0C6E8B2CA61B54009FFA1A /* RepositorioGithub.app */ = {isa = PBXFileReference; explicitFileType = wrapper.application; includeInIndex = 0; path = RepositorioGithub.app; sourceTree = BUILT_PRODUCTS_DIR; };
		FA0C6E9B2CA61B55009FFA1A /* RepositorioGithubTests.xctest */ = {isa = PBXFileReference; explicitFileType = wrapper.cfbundle; includeInIndex = 0; path = RepositorioGithubTests.xctest; sourceTree = BUILT_PRODUCTS_DIR; };
		FA0C6EA52CA61B55009FFA1A /* RepositorioGithubUITests.xctest */ = {isa = PBXFileReference; explicitFileType = wrapper.cfbundle; includeInIndex = 0; path = RepositorioGithubUITests.xctest; sourceTree = BUILT_PRODUCTS_DIR; };
/* End PBXFileReference section */

/* Begin PBXFileSystemSynchronizedRootGroup section */
		FA0C6E8D2CA61B54009FFA1A /* RepositorioGithub */ = {
			isa = PBXFileSystemSynchronizedRootGroup;
			path = RepositorioGithub;
			sourceTree = "<group>";
		};
		FA0C6E9E2CA61B55009FFA1A /* RepositorioGithubTests */ = {
			isa = PBXFileSystemSynchronizedRootGroup;
			path = RepositorioGithubTests;
			sourceTree = "<group>";
		};
		FA0C6EA82CA61B55009FFA1A /* RepositorioGithubUITests */ = {
			isa = PBXFileSystemSynchronizedRootGroup;
			path = RepositorioGithubUITests;
			sourceTree = "<group>";
		};
/* End PBXFileSystemSynchronizedRootGroup section */

/* Begin PBXFrameworksBuildPhase section */
		FA0C6E882CA61B54009FFA1A /* Frameworks */ = {
			isa = PBXFrameworksBuildPhase;
			buildActionMask = 2147483647;
			files = (
			);
			runOnlyForDeploymentPostprocessing = 0;
		};
		FA0C6E982CA61B55009FFA1A /* Frameworks */ = {
			isa = PBXFrameworksBuildPhase;
			buildActionMask = 2147483647;
			files = (
			);
			runOnlyForDeploymentPostprocessing = 0;
		};
		FA0C6EA22CA61B55009FFA1A /* Frameworks */ = {
			isa = PBXFrameworksBuildPhase;
			buildActionMask = 2147483647;
			files = (
			);
			runOnlyForDeploymentPostprocessing = 0;
		};
/* End PBXFrameworksBuildPhase section */

/* Begin PBXGroup section */
		FA0C6E822CA61B54009FFA1A = {
			isa = PBXGroup;
			children = (
				FA0C6E8D2CA61B54009FFA1A /* RepositorioGithub */,
				FA0C6E9E2CA61B55009FFA1A /* RepositorioGithubTests */,
				FA0C6EA82CA61B55009FFA1A /* RepositorioGithubUITests */,
				FA0C6E8C2CA61B54009FFA1A /* Products */,
			);
			sourceTree = "<group>";
		};
		FA0C6E8C2CA61B54009FFA1A /* Products */ = {
			isa = PBXGroup;
			children = (
				FA0C6E8B2CA61B54009FFA1A /* RepositorioGithub.app */,
				FA0C6E9B2CA61B55009FFA1A /* RepositorioGithubTests.xctest */,
				FA0C6EA52CA61B55009FFA1A /* RepositorioGithubUITests.xctest */,
			);
			name = Products;
			sourceTree = "<group>";
		};
/* End PBXGroup section */

/* Begin PBXNativeTarget section */
		FA0C6E8A2CA61B54009FFA1A /* RepositorioGithub */ = {
			isa = PBXNativeTarget;
			buildConfigurationList = FA0C6EAF2CA61B55009FFA1A /* Build configuration list for PBXNativeTarget "RepositorioGithub" */;
			buildPhases = (
				FA0C6E872CA61B54009FFA1A /* Sources */,
				FA0C6E882CA61B54009FFA1A /* Frameworks */,
				FA0C6E892CA61B54009FFA1A /* Resources */,
			);
			buildRules = (
			);
			dependencies = (
			);
			fileSystemSynchronizedGroups = (
				FA0C6E8D2CA61B54009FFA1A /* RepositorioGithub */,
			);
			name = RepositorioGithub;
			packageProductDependencies = (
			);
			productName = RepositorioGithub;
			productReference = FA0C6E8B2CA61B54009FFA1A /* RepositorioGithub.app */;
			productType = "com.apple.product-type.application";
		};
		FA0C6E9A2CA61B55009FFA1A /* RepositorioGithubTests */ = {
			isa = PBXNativeTarget;
			buildConfigurationList = FA0C6EB22CA61B55009FFA1A /* Build configuration list for PBXNativeTarget "RepositorioGithubTests" */;
			buildPhases = (
				FA0C6E972CA61B55009FFA1A /* Sources */,
				FA0C6E982CA61B55009FFA1A /* Frameworks */,
				FA0C6E992CA61B55009FFA1A /* Resources */,
			);
			buildRules = (
			);
			dependencies = (
				FA0C6E9D2CA61B55009FFA1A /* PBXTargetDependency */,
			);
			fileSystemSynchronizedGroups = (
				FA0C6E9E2CA61B55009FFA1A /* RepositorioGithubTests */,
			);
			name = RepositorioGithubTests;
			packageProductDependencies = (
			);
			productName = RepositorioGithubTests;
			productReference = FA0C6E9B2CA61B55009FFA1A /* RepositorioGithubTests.xctest */;
			productType = "com.apple.product-type.bundle.unit-test";
		};
		FA0C6EA42CA61B55009FFA1A /* RepositorioGithubUITests */ = {
			isa = PBXNativeTarget;
			buildConfigurationList = FA0C6EB52CA61B55009FFA1A /* Build configuration list for PBXNativeTarget "RepositorioGithubUITests" */;
			buildPhases = (
				FA0C6EA12CA61B55009FFA1A /* Sources */,
				FA0C6EA22CA61B55009FFA1A /* Frameworks */,
				FA0C6EA32CA61B55009FFA1A /* Resources */,
			);
			buildRules = (
			);
			dependencies = (
				FA0C6EA72CA61B55009FFA1A /* PBXTargetDependency */,
			);
			fileSystemSynchronizedGroups = (
				FA0C6EA82CA61B55009FFA1A /* RepositorioGithubUITests */,
			);
			name = RepositorioGithubUITests;
			packageProductDependencies = (
			);
			productName = RepositorioGithubUITests;
			productReference = FA0C6EA52CA61B55009FFA1A /* RepositorioGithubUITests.xctest */;
			productType = "com.apple.product-type.bundle.ui-testing";
		};
/* End PBXNativeTarget section */

/* Begin PBXProject section */
		FA0C6E832CA61B54009FFA1A /* Project object */ = {
			isa = PBXProject;
			attributes = {
				BuildIndependentTargetsInParallel = 1;
				LastSwiftUpdateCheck = 1600;
				LastUpgradeCheck = 1600;
				TargetAttributes = {
					FA0C6E8A2CA61B54009FFA1A = {
						CreatedOnToolsVersion = 16.0;
					};
					FA0C6E9A2CA61B55009FFA1A = {
						CreatedOnToolsVersion = 16.0;
						TestTargetID = FA0C6E8A2CA61B54009FFA1A;
					};
					FA0C6EA42CA61B55009FFA1A = {
						CreatedOnToolsVersion = 16.0;
						TestTargetID = FA0C6E8A2CA61B54009FFA1A;
					};
				};
			};
			buildConfigurationList = FA0C6E862CA61B54009FFA1A /* Build configuration list for PBXProject "RepositorioGithub" */;
			developmentRegion = en;
			hasScannedForEncodings = 0;
			knownRegions = (
				en,
				Base,
			);
			mainGroup = FA0C6E822CA61B54009FFA1A;
			minimizedProjectReferenceProxies = 1;
			preferredProjectObjectVersion = 77;
			productRefGroup = FA0C6E8C2CA61B54009FFA1A /* Products */;
			projectDirPath = "";
			projectRoot = "";
			targets = (
				FA0C6E8A2CA61B54009FFA1A /* RepositorioGithub */,
				FA0C6E9A2CA61B55009FFA1A /* RepositorioGithubTests */,
				FA0C6EA42CA61B55009FFA1A /* RepositorioGithubUITests */,
			);
		};
/* End PBXProject section */

/* Begin PBXResourcesBuildPhase section */
		FA0C6E892CA61B54009FFA1A /* Resources */ = {
			isa = PBXResourcesBuildPhase;
			buildActionMask = 2147483647;
			files = (
			);
			runOnlyForDeploymentPostprocessing = 0;
		};
		FA0C6E992CA61B55009FFA1A /* Resources */ = {
			isa = PBXResourcesBuildPhase;
			buildActionMask = 2147483647;
			files = (
			);
			runOnlyForDeploymentPostprocessing = 0;
		};
		FA0C6EA32CA61B55009FFA1A /* Resources */ = {
			isa = PBXResourcesBuildPhase;
			buildActionMask = 2147483647;
			files = (
			);
			runOnlyForDeploymentPostprocessing = 0;
		};
/* End PBXResourcesBuildPhase section */

/* Begin PBXSourcesBuildPhase section */
		FA0C6E872CA61B54009FFA1A /* Sources */ = {
			isa = PBXSourcesBuildPhase;
			buildActionMask = 2147483647;
			files = (
			);
			runOnlyForDeploymentPostprocessing = 0;
		};
		FA0C6E972CA61B55009FFA1A /* Sources */ = {
			isa = PBXSourcesBuildPhase;
			buildActionMask = 2147483647;
			files = (
			);
			runOnlyForDeploymentPostprocessing = 0;
		};
		FA0C6EA12CA61B55009FFA1A /* Sources */ = {
			isa = PBXSourcesBuildPhase;
			buildActionMask = 2147483647;
			files = (
			);
			runOnlyForDeploymentPostprocessing = 0;
		};
/* End PBXSourcesBuildPhase section */

/* Begin PBXTargetDependency section */
		FA0C6E9D2CA61B55009FFA1A /* PBXTargetDependency */ = {
			isa = PBXTargetDependency;
			target = FA0C6E8A2CA61B54009FFA1A /* RepositorioGithub */;
			targetProxy = FA0C6E9C2CA61B55009FFA1A /* PBXContainerItemProxy */;
		};
		FA0C6EA72CA61B55009FFA1A /* PBXTargetDependency */ = {
			isa = PBXTargetDependency;
			target = FA0C6E8A2CA61B54009FFA1A /* RepositorioGithub */;
			targetProxy = FA0C6EA62CA61B55009FFA1A /* PBXContainerItemProxy */;
		};
/* End PBXTargetDependency section */

/* Begin XCBuildConfiguration section */
		FA0C6EAD2CA61B55009FFA1A /* Debug */ = {
			isa = XCBuildConfiguration;
			buildSettings = {
				ALWAYS_SEARCH_USER_PATHS = NO;
				ASSETCATALOG_COMPILER_GENERATE_SWIFT_ASSET_SYMBOL_EXTENSIONS = YES;
				CLANG_ANALYZER_NONNULL = YES;
				CLANG_ANALYZER_NUMBER_OBJECT_CONVERSION = YES_AGGRESSIVE;
				CLANG_CXX_LANGUAGE_STANDARD = "gnu++20";
				CLANG_ENABLE_MODULES = YES;
				CLANG_ENABLE_OBJC_ARC = YES;
				CLANG_ENABLE_OBJC_WEAK = YES;
				CLANG_WARN_BLOCK_CAPTURE_AUTORELEASING = YES;
				CLANG_WARN_BOOL_CONVERSION = YES;
				CLANG_WARN_COMMA = YES;
				CLANG_WARN_CONSTANT_CONVERSION = YES;
				CLANG_WARN_DEPRECATED_OBJC_IMPLEMENTATIONS = YES;
				CLANG_WARN_DIRECT_OBJC_ISA_USAGE = YES_ERROR;
				CLANG_WARN_DOCUMENTATION_COMMENTS = YES;
				CLANG_WARN_EMPTY_BODY = YES;
				CLANG_WARN_ENUM_CONVERSION = YES;
				CLANG_WARN_INFINITE_RECURSION = YES;
				CLANG_WARN_INT_CONVERSION = YES;
				CLANG_WARN_NON_LITERAL_NULL_CONVERSION = YES;
				CLANG_WARN_OBJC_IMPLICIT_RETAIN_SELF = YES;
				CLANG_WARN_OBJC_LITERAL_CONVERSION = YES;
				CLANG_WARN_OBJC_ROOT_CLASS = YES_ERROR;
				CLANG_WARN_QUOTED_INCLUDE_IN_FRAMEWORK_HEADER = YES;
				CLANG_WARN_RANGE_LOOP_ANALYSIS = YES;
				CLANG_WARN_STRICT_PROTOTYPES = YES;
				CLANG_WARN_SUSPICIOUS_MOVE = YES;
				CLANG_WARN_UNGUARDED_AVAILABILITY = YES_AGGRESSIVE;
				CLANG_WARN_UNREACHABLE_CODE = YES;
				CLANG_WARN__DUPLICATE_METHOD_MATCH = YES;
				COPY_PHASE_STRIP = NO;
				DEBUG_INFORMATION_FORMAT = dwarf;
				ENABLE_STRICT_OBJC_MSGSEND = YES;
				ENABLE_TESTABILITY = YES;
				ENABLE_USER_SCRIPT_SANDBOXING = YES;
				GCC_C_LANGUAGE_STANDARD = gnu17;
				GCC_DYNAMIC_NO_PIC = NO;
				GCC_NO_COMMON_BLOCKS = YES;
				GCC_OPTIMIZATION_LEVEL = 0;
				GCC_PREPROCESSOR_DEFINITIONS = (
					"DEBUG=1",
					"$(inherited)",
				);
				GCC_WARN_64_TO_32_BIT_CONVERSION = YES;
				GCC_WARN_ABOUT_RETURN_TYPE = YES_ERROR;
				GCC_WARN_UNDECLARED_SELECTOR = YES;
				GCC_WARN_UNINITIALIZED_AUTOS = YES_AGGRESSIVE;
				GCC_WARN_UNUSED_FUNCTION = YES;
				GCC_WARN_UNUSED_VARIABLE = YES;
				IPHONEOS_DEPLOYMENT_TARGET = 18.0;
				LOCALIZATION_PREFERS_STRING_CATALOGS = YES;
				MTL_ENABLE_DEBUG_INFO = INCLUDE_SOURCE;
				MTL_FAST_MATH = YES;
				ONLY_ACTIVE_ARCH = YES;
				SDKROOT = iphoneos;
				SWIFT_ACTIVE_COMPILATION_CONDITIONS = "DEBUG $(inherited)";
				SWIFT_OPTIMIZATION_LEVEL = "-Onone";
			};
			name = Debug;
		};
		FA0C6EAE2CA61B55009FFA1A /* Release */ = {
			isa = XCBuildConfiguration;
			buildSettings = {
				ALWAYS_SEARCH_USER_PATHS = NO;
				ASSETCATALOG_COMPILER_GENERATE_SWIFT_ASSET_SYMBOL_EXTENSIONS = YES;
				CLANG_ANALYZER_NONNULL = YES;
				CLANG_ANALYZER_NUMBER_OBJECT_CONVERSION = YES_AGGRESSIVE;
				CLANG_CXX_LANGUAGE_STANDARD = "gnu++20";
				CLANG_ENABLE_MODULES = YES;
				CLANG_ENABLE_OBJC_ARC = YES;
				CLANG_ENABLE_OBJC_WEAK = YES;
				CLANG_WARN_BLOCK_CAPTURE_AUTORELEASING = YES;
				CLANG_WARN_BOOL_CONVERSION = YES;
				CLANG_WARN_COMMA = YES;
				CLANG_WARN_CONSTANT_CONVERSION = YES;
				CLANG_WARN_DEPRECATED_OBJC_IMPLEMENTATIONS = YES;
				CLANG_WARN_DIRECT_OBJC_ISA_USAGE = YES_ERROR;
				CLANG_WARN_DOCUMENTATION_COMMENTS = YES;
				CLANG_WARN_EMPTY_BODY = YES;
				CLANG_WARN_ENUM_CONVERSION = YES;
				CLANG_WARN_INFINITE_RECURSION = YES;
				CLANG_WARN_INT_CONVERSION = YES;
				CLANG_WARN_NON_LITERAL_NULL_CONVERSION = YES;
				CLANG_WARN_OBJC_IMPLICIT_RETAIN_SELF = YES;
				CLANG_WARN_OBJC_LITERAL_CONVERSION = YES;
				CLANG_WARN_OBJC_ROOT_CLASS = YES_ERROR;
				CLANG_WARN_QUOTED_INCLUDE_IN_FRAMEWORK_HEADER = YES;
				CLANG_WARN_RANGE_LOOP_ANALYSIS = YES;
				CLANG_WARN_STRICT_PROTOTYPES = YES;
				CLANG_WARN_SUSPICIOUS_MOVE = YES;
				CLANG_WARN_UNGUARDED_AVAILABILITY = YES_AGGRESSIVE;
				CLANG_WARN_UNREACHABLE_CODE = YES;
				CLANG_WARN__DUPLICATE_METHOD_MATCH = YES;
				COPY_PHASE_STRIP = NO;
				DEBUG_INFORMATION_FORMAT = "dwarf-with-dsym";
				ENABLE_NS_ASSERTIONS = NO;
				ENABLE_STRICT_OBJC_MSGSEND = YES;
				ENABLE_USER_SCRIPT_SANDBOXING = YES;
				GCC_C_LANGUAGE_STANDARD = gnu17;
				GCC_NO_COMMON_BLOCKS = YES;
				GCC_WARN_64_TO_32_BIT_CONVERSION = YES;
				GCC_WARN_ABOUT_RETURN_TYPE = YES_ERROR;
				GCC_WARN_UNDECLARED_SELECTOR = YES;
				GCC_WARN_UNINITIALIZED_AUTOS = YES_AGGRESSIVE;
				GCC_WARN_UNUSED_FUNCTION = YES;
				GCC_WARN_UNUSED_VARIABLE = YES;
				IPHONEOS_DEPLOYMENT_TARGET = 18.0;
				LOCALIZATION_PREFERS_STRING_CATALOGS = YES;
				MTL_ENABLE_DEBUG_INFO = NO;
				MTL_FAST_MATH = YES;
				SDKROOT = iphoneos;
				SWIFT_COMPILATION_MODE = wholemodule;
				VALIDATE_PRODUCT = YES;
			};
			name = Release;
		};
		FA0C6EB02CA61B55009FFA1A /* Debug */ = {
			isa = XCBuildConfiguration;
			buildSettings = {
				ASSETCATALOG_COMPILER_APPICON_NAME = AppIcon;
				ASSETCATALOG_COMPILER_GLOBAL_ACCENT_COLOR_NAME = AccentColor;
				CODE_SIGN_STYLE = Automatic;
				CURRENT_PROJECT_VERSION = 1;
				DEVELOPMENT_ASSET_PATHS = "\"RepositorioGithub/Preview Content\"";
				ENABLE_PREVIEWS = YES;
				GENERATE_INFOPLIST_FILE = YES;
				INFOPLIST_KEY_UIApplicationSceneManifest_Generation = YES;
				INFOPLIST_KEY_UIApplicationSupportsIndirectInputEvents = YES;
				INFOPLIST_KEY_UILaunchScreen_Generation = YES;
				INFOPLIST_KEY_UISupportedInterfaceOrientations_iPad = "UIInterfaceOrientationPortrait UIInterfaceOrientationPortraitUpsideDown UIInterfaceOrientationLandscapeLeft UIInterfaceOrientationLandscapeRight";
				INFOPLIST_KEY_UISupportedInterfaceOrientations_iPhone = "UIInterfaceOrientationPortrait UIInterfaceOrientationLandscapeLeft UIInterfaceOrientationLandscapeRight";
				LD_RUNPATH_SEARCH_PATHS = (
					"$(inherited)",
					"@executable_path/Frameworks",
				);
				MARKETING_VERSION = 1.0;
				PRODUCT_BUNDLE_IDENTIFIER = Pruebas.RepositorioGithub;
				PRODUCT_NAME = "$(TARGET_NAME)";
				SWIFT_EMIT_LOC_STRINGS = YES;
				SWIFT_VERSION = 5.0;
				TARGETED_DEVICE_FAMILY = "1,2";
			};
			name = Debug;
		};
		FA0C6EB12CA61B55009FFA1A /* Release */ = {
			isa = XCBuildConfiguration;
			buildSettings = {
				ASSETCATALOG_COMPILER_APPICON_NAME = AppIcon;
				ASSETCATALOG_COMPILER_GLOBAL_ACCENT_COLOR_NAME = AccentColor;
				CODE_SIGN_STYLE = Automatic;
				CURRENT_PROJECT_VERSION = 1;
				DEVELOPMENT_ASSET_PATHS = "\"RepositorioGithub/Preview Content\"";
				ENABLE_PREVIEWS = YES;
				GENERATE_INFOPLIST_FILE = YES;
				INFOPLIST_KEY_UIApplicationSceneManifest_Generation = YES;
				INFOPLIST_KEY_UIApplicationSupportsIndirectInputEvents = YES;
				INFOPLIST_KEY_UILaunchScreen_Generation = YES;
				INFOPLIST_KEY_UISupportedInterfaceOrientations_iPad = "UIInterfaceOrientationPortrait UIInterfaceOrientationPortraitUpsideDown UIInterfaceOrientationLandscapeLeft UIInterfaceOrientationLandscapeRight";
				INFOPLIST_KEY_UISupportedInterfaceOrientations_iPhone = "UIInterfaceOrientationPortrait UIInterfaceOrientationLandscapeLeft UIInterfaceOrientationLandscapeRight";
				LD_RUNPATH_SEARCH_PATHS = (
					"$(inherited)",
					"@executable_path/Frameworks",
				);
				MARKETING_VERSION = 1.0;
				PRODUCT_BUNDLE_IDENTIFIER = Pruebas.RepositorioGithub;
				PRODUCT_NAME = "$(TARGET_NAME)";
				SWIFT_EMIT_LOC_STRINGS = YES;
				SWIFT_VERSION = 5.0;
				TARGETED_DEVICE_FAMILY = "1,2";
			};
			name = Release;
		};
		FA0C6EB32CA61B55009FFA1A /* Debug */ = {
			isa = XCBuildConfiguration;
			buildSettings = {
				BUNDLE_LOADER = "$(TEST_HOST)";
				CODE_SIGN_STYLE = Automatic;
				CURRENT_PROJECT_VERSION = 1;
				GENERATE_INFOPLIST_FILE = YES;
				IPHONEOS_DEPLOYMENT_TARGET = 18.0;
				MARKETING_VERSION = 1.0;
				PRODUCT_BUNDLE_IDENTIFIER = Pruebas.RepositorioGithubTests;
				PRODUCT_NAME = "$(TARGET_NAME)";
				SWIFT_EMIT_LOC_STRINGS = NO;
				SWIFT_VERSION = 5.0;
				TARGETED_DEVICE_FAMILY = "1,2";
				TEST_HOST = "$(BUILT_PRODUCTS_DIR)/RepositorioGithub.app/$(BUNDLE_EXECUTABLE_FOLDER_PATH)/RepositorioGithub";
			};
			name = Debug;
		};
		FA0C6EB42CA61B55009FFA1A /* Release */ = {
			isa = XCBuildConfiguration;
			buildSettings = {
				BUNDLE_LOADER = "$(TEST_HOST)";
				CODE_SIGN_STYLE = Automatic;
				CURRENT_PROJECT_VERSION = 1;
				GENERATE_INFOPLIST_FILE = YES;
				IPHONEOS_DEPLOYMENT_TARGET = 18.0;
				MARKETING_VERSION = 1.0;
				PRODUCT_BUNDLE_IDENTIFIER = Pruebas.RepositorioGithubTests;
				PRODUCT_NAME = "$(TARGET_NAME)";
				SWIFT_EMIT_LOC_STRINGS = NO;
				SWIFT_VERSION = 5.0;
				TARGETED_DEVICE_FAMILY = "1,2";
				TEST_HOST = "$(BUILT_PRODUCTS_DIR)/RepositorioGithub.app/$(BUNDLE_EXECUTABLE_FOLDER_PATH)/RepositorioGithub";
			};
			name = Release;
		};
		FA0C6EB62CA61B55009FFA1A /* Debug */ = {
			isa = XCBuildConfiguration;
			buildSettings = {
				CODE_SIGN_STYLE = Automatic;
				CURRENT_PROJECT_VERSION = 1;
				GENERATE_INFOPLIST_FILE = YES;
				MARKETING_VERSION = 1.0;
				PRODUCT_BUNDLE_IDENTIFIER = Pruebas.RepositorioGithubUITests;
				PRODUCT_NAME = "$(TARGET_NAME)";
				SWIFT_EMIT_LOC_STRINGS = NO;
				SWIFT_VERSION = 5.0;
				TARGETED_DEVICE_FAMILY = "1,2";
				TEST_TARGET_NAME = RepositorioGithub;
			};
			name = Debug;
		};
		FA0C6EB72CA61B55009FFA1A /* Release */ = {
			isa = XCBuildConfiguration;
			buildSettings = {
				CODE_SIGN_STYLE = Automatic;
				CURRENT_PROJECT_VERSION = 1;
				GENERATE_INFOPLIST_FILE = YES;
				MARKETING_VERSION = 1.0;
				PRODUCT_BUNDLE_IDENTIFIER = Pruebas.RepositorioGithubUITests;
				PRODUCT_NAME = "$(TARGET_NAME)";
				SWIFT_EMIT_LOC_STRINGS = NO;
				SWIFT_VERSION = 5.0;
				TARGETED_DEVICE_FAMILY = "1,2";
				TEST_TARGET_NAME = RepositorioGithub;
			};
			name = Release;
		};
/* End XCBuildConfiguration section */

/* Begin XCConfigurationList section */
		FA0C6E862CA61B54009FFA1A /* Build configuration list for PBXProject "RepositorioGithub" */ = {
			isa = XCConfigurationList;
			buildConfigurations = (
				FA0C6EAD2CA61B55009FFA1A /* Debug */,
				FA0C6EAE2CA61B55009FFA1A /* Release */,
			);
			defaultConfigurationIsVisible = 0;
			defaultConfigurationName = Release;
		};
		FA0C6EAF2CA61B55009FFA1A /* Build configuration list for PBXNativeTarget "RepositorioGithub" */ = {
			isa = XCConfigurationList;
			buildConfigurations = (
				FA0C6EB02CA61B55009FFA1A /* Debug */,
				FA0C6EB12CA61B55009FFA1A /* Release */,
			);
			defaultConfigurationIsVisible = 0;
			defaultConfigurationName = Release;
		};
		FA0C6EB22CA61B55009FFA1A /* Build configuration list for PBXNativeTarget "RepositorioGithubTests" */ = {
			isa = XCConfigurationList;
			buildConfigurations = (
				FA0C6EB32CA61B55009FFA1A /* Debug */,
				FA0C6EB42CA61B55009FFA1A /* Release */,
			);
			defaultConfigurationIsVisible = 0;
			defaultConfigurationName = Release;
		};
		FA0C6EB52CA61B55009FFA1A /* Build configuration list for PBXNativeTarget "RepositorioGithubUITests" */ = {
			isa = XCConfigurationList;
			buildConfigurations = (
				FA0C6EB62CA61B55009FFA1A /* Debug */,
				FA0C6EB72CA61B55009FFA1A /* Release */,
			);
			defaultConfigurationIsVisible = 0;
			defaultConfigurationName = Release;
		};
/* End XCConfigurationList section */
	};
	rootObject = FA0C6E832CA61B54009FFA1A /* Project object */;
}
